
Microsoft Visual Studio Solution File, Format Version 12.00
# Visual Studio Version 17
VisualStudioVersion = 17.13.35731.43 d17.13
MinimumVisualStudioVersion = 10.0.40219.1
Project("{FAE04EC0-301F-11D3-BF4B-00C04F79EFBC}") = "RandomPicks", "RandomPicks\RandomPicks.csproj", "{2ADFC8AB-A2BE-4296-9CAA-64F0FDB9CC39}"
EndProject
Global
	GlobalSection(SolutionConfigurationPlatforms) = preSolution
		Debug|Any CPU = Debug|Any CPU
		Release|Any CPU = Release|Any CPU
	EndGlobalSection
	GlobalSection(ProjectConfigurationPlatforms) = postSolution
		{2ADFC8AB-A2BE-4296-9CAA-64F0FDB9CC39}.Debug|Any CPU.ActiveCfg = Debug|Any CPU
		{2ADFC8AB-A2BE-4296-9CAA-64F0FDB9CC39}.Debug|Any CPU.Build.0 = Debug|Any CPU
		{2ADFC8AB-A2BE-4296-9CAA-64F0FDB9CC39}.Release|Any CPU.ActiveCfg = Release|Any CPU
		{2ADFC8AB-A2BE-4296-9CAA-64F0FDB9CC39}.Release|Any CPU.Build.0 = Release|Any CPU
	EndGlobalSection
	GlobalSection(SolutionProperties) = preSolution
		HideSolutionNode = FALSE
	EndGlobalSection
	GlobalSection(ExtensibilityGlobals) = postSolution
		SolutionGuid = {E9483054-7B8C-42CE-93B5-9F81CE857FD1}
	EndGlobalSection
EndGlobal
